{
  "# Continue to the next step on failure\ncontinue-on-error: true": [
    {
      "file": ".github/workflows/current.yml",
      "lines": [
        100,
        114
      ]
    },
    {
      "file": ".github/workflows/dep-heads.yml",
      "lines": [
        102,
        116
      ]
    },
    {
      "file": ".github/workflows/heads.yml",
      "lines": [
        101,
        115
      ]
    },
    {
      "file": ".github/workflows/truffle.yml",
      "lines": [
        81,
        95
      ]
    }
  ],
  "**Other Helpers** (loaded by kettle-test):\n- `block_is_expected` - Enhanced block expectations (from `rspec-block_is_expected`)": [
    {
      "file": ".github/COPILOT_INSTRUCTIONS.md",
      "lines": [
        383,
        395
      ]
    }
  ],
  "**Where these come from**:\n- External gems loaded by `kettle/test/external.rb` in the kettle-test gem": [
    {
      "file": ".github/COPILOT_INSTRUCTIONS.md",
      "lines": [
        388,
        400
      ]
    }
  ],
  "- External gems loaded by `kettle/test/external.rb` in the kettle-test gem\n- `rspec/stubbed_env` - Provides `stub_env` and `hide_env`": [
    {
      "file": ".github/COPILOT_INSTRUCTIONS.md",
      "lines": [
        389,
        401
      ]
    }
  ],
  "- `block_is_expected` - Enhanced block expectations (from `rspec-block_is_expected`)\n- `capture` - Capture output during tests (from `silent_stream`)": [
    {
      "file": ".github/COPILOT_INSTRUCTIONS.md",
      "lines": [
        384,
        396
      ]
    }
  ],
  "- `capture` - Capture output during tests (from `silent_stream`)\n- Timecop integration for time manipulation": [
    {
      "file": ".github/COPILOT_INSTRUCTIONS.md",
      "lines": [
        385,
        397
      ]
    }
  ],
  "- `rspec/block_is_expected` - Enhanced block expectations\n- `silent_stream` - Output suppression": [
    {
      "file": ".github/COPILOT_INSTRUCTIONS.md",
      "lines": [
        391,
        403
      ]
    }
  ],
  "- `rspec/stubbed_env` - Provides `stub_env` and `hide_env`\n- `rspec/block_is_expected` - Enhanced block expectations": [
    {
      "file": ".github/COPILOT_INSTRUCTIONS.md",
      "lines": [
        390,
        402
      ]
    }
  ],
  "- `silent_stream` - Output suppression\n- `timecop/rspec` - Time travel for tests": [
    {
      "file": ".github/COPILOT_INSTRUCTIONS.md",
      "lines": [
        392,
        404
      ]
    }
  ],
  "appraisal: \"current\"\nexec_cmd: \"rake magic\"": [
    {
      "file": ".github/workflows/current.yml",
      "lines": [
        52,
        60
      ]
    }
  ],
  "exec_cmd: \"rake magic\"\ngemfile: \"Appraisal.root\"": [
    {
      "file": ".github/workflows/current.yml",
      "lines": [
        53,
        61
      ]
    }
  ],
  "if: ${{ !env.ACT || (! startsWith(matrix.ruby, 'jruby') && !startsWith(matrix.ruby, 'truffleruby')) }}\nrun: bundle install": [
    {
      "file": ".github/workflows/current.yml",
      "lines": [
        93,
        98
      ]
    },
    {
      "file": ".github/workflows/dep-heads.yml",
      "lines": [
        95,
        100
      ]
    },
    {
      "file": ".github/workflows/heads.yml",
      "lines": [
        94,
        99
      ]
    },
    {
      "file": ".github/workflows/truffle.yml",
      "lines": [
        74,
        79
      ]
    }
  ]
}
