{
  "#       strategy: merge\n#       file_type: ruby": [
    {
      "file": ".kettle-jem.yml",
      "lines": [
        247,
        417
      ]
    }
  ],
  "#     commit-msg:\n#       strategy: merge": [
    {
      "file": ".kettle-jem.yml",
      "lines": [
        246,
        416
      ]
    }
  ],
  "#     pboling.pem:\n#       strategy: raw_copy": [
    {
      "file": ".kettle-jem.yml",
      "lines": [
        242,
        412
      ]
    }
  ],
  "#     preference: destination\n#     add_template_only_nodes: false": [
    {
      "file": ".kettle-jem.yml",
      "lines": [
        252,
        422
      ]
    }
  ],
  "#     strategy: merge\n#     preference: destination": [
    {
      "file": ".kettle-jem.yml",
      "lines": [
        251,
        421
      ]
    }
  ],
  "#   .git-hooks:\n#     commit-msg:": [
    {
      "file": ".kettle-jem.yml",
      "lines": [
        245,
        415
      ]
    }
  ],
  "#   README.md:\n#     strategy: accept_template": [
    {
      "file": ".kettle-jem.yml",
      "lines": [
        235,
        405
      ]
    }
  ],
  "#   Rakefile:\n#     strategy: merge": [
    {
      "file": ".kettle-jem.yml",
      "lines": [
        250,
        420
      ]
    }
  ],
  "#   SECURITY.md:\n#     strategy: keep_destination": [
    {
      "file": ".kettle-jem.yml",
      "lines": [
        238,
        408
      ]
    }
  ],
  "#   certs:\n#     pboling.pem:": [
    {
      "file": ".kettle-jem.yml",
      "lines": [
        241,
        411
      ]
    }
  ],
  "# Continue to the next step on failure\ncontinue-on-error: true": [
    {
      "file": ".github/workflows/current.yml",
      "lines": [
        99,
        112
      ]
    },
    {
      "file": ".github/workflows/dep-heads.yml",
      "lines": [
        102,
        115
      ]
    },
    {
      "file": ".github/workflows/heads.yml",
      "lines": [
        101,
        114
      ]
    },
    {
      "file": ".github/workflows/truffle.yml",
      "lines": [
        81,
        94
      ]
    }
  ],
  "# files:\n#   README.md:": [
    {
      "file": ".kettle-jem.yml",
      "lines": [
        234,
        404
      ]
    }
  ],
  "appraisal: \"current\"\nexec_cmd: \"rake magic\"": [
    {
      "file": ".github/workflows/current.yml",
      "lines": [
        52,
        59
      ]
    }
  ],
  "exec_cmd: \"rake magic\"\ngemfile: \"Appraisal.root\"": [
    {
      "file": ".github/workflows/current.yml",
      "lines": [
        53,
        60
      ]
    }
  ],
  "if: ${{ !env.ACT || (! startsWith(matrix.ruby, 'jruby') && !startsWith(matrix.ruby, 'truffleruby')) }}\nrun: bundle install": [
    {
      "file": ".github/workflows/current.yml",
      "lines": [
        92,
        97
      ]
    },
    {
      "file": ".github/workflows/dep-heads.yml",
      "lines": [
        95,
        100
      ]
    },
    {
      "file": ".github/workflows/heads.yml",
      "lines": [
        94,
        99
      ]
    },
    {
      "file": ".github/workflows/truffle.yml",
      "lines": [
        74,
        79
      ]
    }
  ]
}
