{
  "# Continue to the next step on failure\ncontinue-on-error: true": [
    {
      "file": ".github/workflows/current.yml",
      "lines": [
        100,
        114
      ]
    },
    {
      "file": ".github/workflows/dep-heads.yml",
      "lines": [
        102,
        116
      ]
    },
    {
      "file": ".github/workflows/heads.yml",
      "lines": [
        101,
        115
      ]
    },
    {
      "file": ".github/workflows/truffle.yml",
      "lines": [
        81,
        95
      ]
    }
  ],
  "# Local overrides belong in .env.local (loaded via dotenvy through mise).\n# Shared development environment for this gem.": [
    {
      "file": "mise.toml",
      "lines": [
        2,
        4,
        6
      ]
    }
  ],
  "# Shared development environment for this gem.\n# Local overrides belong in .env.local (loaded via dotenvy through mise).": [
    {
      "file": "mise.toml",
      "lines": [
        1,
        3,
        5,
        7
      ]
    }
  ],
  "appraisal: \"current\"\nexec_cmd: \"rake magic\"": [
    {
      "file": ".github/workflows/current.yml",
      "lines": [
        52,
        60
      ]
    }
  ],
  "exec_cmd: \"rake magic\"\ngemfile: \"Appraisal.root\"": [
    {
      "file": ".github/workflows/current.yml",
      "lines": [
        53,
        61
      ]
    }
  ],
  "if: ${{ !env.ACT || (! startsWith(matrix.ruby, 'jruby') && !startsWith(matrix.ruby, 'truffleruby')) }}\nrun: bundle install": [
    {
      "file": ".github/workflows/current.yml",
      "lines": [
        93,
        98
      ]
    },
    {
      "file": ".github/workflows/dep-heads.yml",
      "lines": [
        95,
        100
      ]
    },
    {
      "file": ".github/workflows/heads.yml",
      "lines": [
        94,
        99
      ]
    },
    {
      "file": ".github/workflows/truffle.yml",
      "lines": [
        74,
        79
      ]
    }
  ]
}
