{
  "lib/toml/merge/conflict_resolver.rb:2950132827": [
    [619, 9, 31, "Style/InvertibleUnlessCondition: Prefer `if lines.length < 2` over `unless lines.length >= 2`.", 1782706499]
  ],
  "spec/toml/merge/comment_behavior_matrix_spec.rb:1381770246": [
    [6, 1, 66, "RSpec/SpecFilePathFormat: Spec path should end with `toml/merge/smart_merger*comment_behavior_matrix*_spec.rb`.", 1346026760],
    [6, 42, 25, "RSpec/DescribeMethod: The second argument to describe should be the method being tested. '#instance' or '.class'.", 1921084705],
    [13, 23, 24, "RSpec/DescribedClass: Use `described_class` instead of `Toml::Merge::SmartMerger`.", 3793160852]
  ]
}
